{
  "nodes": {
    "flakeNimbleLib": {
      "inputs": {
        "nixpkgs": [
          "nixpkgs"
        ]
      },
      "locked": {
        "lastModified": 1662018438,
        "narHash": "sha256-QtNtU6+LX3Wokxf0zlFwKTFOcn6TeDjKQZ+DA9OYtvM=",
        "owner": "riinr",
        "repo": "nim-flakes-lib",
        "rev": "b1fe8340736e3a85d25c709ac3dfd82a55c03cbf",
        "type": "github"
      },
      "original": {
        "owner": "riinr",
        "ref": "master",
        "repo": "nim-flakes-lib",
        "type": "github"
      }
    },
    "nixpkgs": {
      "locked": {
        "lastModified": 1667199707,
        "narHash": "sha256-I2Js3Y7gUyVSEXPULHlBoRek4Lh85vnevdS6mdvDNLI=",
        "owner": "NixOS",
        "repo": "nixpkgs",
        "rev": "ced197be72099edcfa68ebed8b87af7b04851f45",
        "type": "github"
      },
      "original": {
        "id": "nixpkgs",
        "type": "indirect"
      }
    },
    "oculus-master": {
      "inputs": {
        "flakeNimbleLib": [
          "flakeNimbleLib"
        ],
        "nixpkgs": [
          "nixpkgs"
        ],
        "src-oculus-master": "src-oculus-master"
      },
      "locked": {
        "dir": "master",
        "lastModified": 1667322542,
        "narHash": "sha256-pfHHslCG7Tz0C21fw8tBG7PgRybREVvNxKzGGiDBbtg=",
        "owner": "nim-nix-pkgs",
        "repo": "oculus",
        "rev": "4f6061d7b4130d74d051b1c48fdd6e5b91cd5c69",
        "type": "github"
      },
      "original": {
        "dir": "master",
        "owner": "nim-nix-pkgs",
        "ref": "master",
        "repo": "oculus",
        "type": "github"
      }
    },
    "root": {
      "inputs": {
        "flakeNimbleLib": "flakeNimbleLib",
        "nixpkgs": "nixpkgs",
        "oculus-master": "oculus-master"
      }
    },
    "src-oculus-master": {
      "flake": false,
      "locked": {
        "lastModified": 1454177238,
        "narHash": "sha256-uh5gIZWIxKTiM8lCN2Ewzha4U/XFssR+USIXQcHZayo=",
        "owner": "nimious",
        "repo": "oculus",
        "rev": "4b4ae34c5269e345cbebc9d13bb971fdb481426e",
        "type": "github"
      },
      "original": {
        "owner": "nimious",
        "ref": "refs/heads/master",
        "repo": "oculus",
        "type": "github"
      }
    }
  },
  "root": "root",
  "version": 7
}
